
Microsoft Visual Studio Solution File, Format Version 12.00
# Visual Studio Version 16
VisualStudioVersion = 16.0.31025.194
MinimumVisualStudioVersion = 10.0.40219.1
Project("{FAE04EC0-301F-11D3-BF4B-00C04F79EFBC}") = "Harmonia kereses", "Harmonia kereses\Harmonia kereses.csproj", "{162702FC-961A-4DE2-A4A8-86DA8783AF6B}"
EndProject
Global
	GlobalSection(SolutionConfigurationPlatforms) = preSolution
		Debug|Any CPU = Debug|Any CPU
		Release|Any CPU = Release|Any CPU
	EndGlobalSection
	GlobalSection(ProjectConfigurationPlatforms) = postSolution
		{162702FC-961A-4DE2-A4A8-86DA8783AF6B}.Debug|Any CPU.ActiveCfg = Debug|Any CPU
		{162702FC-961A-4DE2-A4A8-86DA8783AF6B}.Debug|Any CPU.Build.0 = Debug|Any CPU
		{162702FC-961A-4DE2-A4A8-86DA8783AF6B}.Release|Any CPU.ActiveCfg = Release|Any CPU
		{162702FC-961A-4DE2-A4A8-86DA8783AF6B}.Release|Any CPU.Build.0 = Release|Any CPU
	EndGlobalSection
	GlobalSection(SolutionProperties) = preSolution
		HideSolutionNode = FALSE
	EndGlobalSection
	GlobalSection(ExtensibilityGlobals) = postSolution
		SolutionGuid = {0E528485-EFEF-430F-A313-B23CFA4B746D}
	EndGlobalSection
EndGlobal
