
Microsoft Visual Studio Solution File, Format Version 12.00
# Visual Studio Version 16
VisualStudioVersion = 16.0.31624.102
MinimumVisualStudioVersion = 10.0.40219.1
Project("{FAE04EC0-301F-11D3-BF4B-00C04F79EFBC}") = "genetikus", "genetikus\genetikus.csproj", "{C678A7EE-C255-4E04-A7DD-D1A9AEABA1AF}"
EndProject
Global
	GlobalSection(SolutionConfigurationPlatforms) = preSolution
		Debug|Any CPU = Debug|Any CPU
		Release|Any CPU = Release|Any CPU
	EndGlobalSection
	GlobalSection(ProjectConfigurationPlatforms) = postSolution
		{C678A7EE-C255-4E04-A7DD-D1A9AEABA1AF}.Debug|Any CPU.ActiveCfg = Debug|Any CPU
		{C678A7EE-C255-4E04-A7DD-D1A9AEABA1AF}.Debug|Any CPU.Build.0 = Debug|Any CPU
		{C678A7EE-C255-4E04-A7DD-D1A9AEABA1AF}.Release|Any CPU.ActiveCfg = Release|Any CPU
		{C678A7EE-C255-4E04-A7DD-D1A9AEABA1AF}.Release|Any CPU.Build.0 = Release|Any CPU
	EndGlobalSection
	GlobalSection(SolutionProperties) = preSolution
		HideSolutionNode = FALSE
	EndGlobalSection
	GlobalSection(ExtensibilityGlobals) = postSolution
		SolutionGuid = {AB9FC384-62F4-4CAE-A32A-CC112B19C006}
	EndGlobalSection
EndGlobal
